
Microsoft Visual Studio Solution File, Format Version 12.00
# Visual Studio 2017
Project("{FAE04EC0-301F-11D3-BF4B-00C04F79EFBC}") = "0309_Jane updated", "0309_Jane updated.csproj", "{AEB0CE63-93EB-476C-8DD1-6C755425EAEB}"
EndProject
Global
	GlobalSection(SolutionConfigurationPlatforms) = preSolution
		Debug|Any CPU = Debug|Any CPU
		Release|Any CPU = Release|Any CPU
	EndGlobalSection
	GlobalSection(ProjectConfigurationPlatforms) = postSolution
		{AEB0CE63-93EB-476C-8DD1-6C755425EAEB}.Debug|Any CPU.ActiveCfg = Debug|Any CPU
		{AEB0CE63-93EB-476C-8DD1-6C755425EAEB}.Debug|Any CPU.Build.0 = Debug|Any CPU
		{AEB0CE63-93EB-476C-8DD1-6C755425EAEB}.Release|Any CPU.ActiveCfg = Release|Any CPU
		{AEB0CE63-93EB-476C-8DD1-6C755425EAEB}.Release|Any CPU.Build.0 = Release|Any CPU
	EndGlobalSection
	GlobalSection(SolutionProperties) = preSolution
		HideSolutionNode = FALSE
	EndGlobalSection
EndGlobal
